
Microsoft Visual Studio Solution File, Format Version 11.00
# Visual C++ Express 2010
Project("{8BC9CEB8-8B4A-11D0-8D11-00A0C91BC942}") = "OpenCV243", "OpenCV243\OpenCV243.vcxproj", "{D8441090-24B6-44FE-8810-9A4B43DAD21C}"
EndProject
Global
	GlobalSection(SolutionConfigurationPlatforms) = preSolution
		Debug|Win32 = Debug|Win32
		Release|Win32 = Release|Win32
	EndGlobalSection
	GlobalSection(ProjectConfigurationPlatforms) = postSolution
		{D8441090-24B6-44FE-8810-9A4B43DAD21C}.Debug|Win32.ActiveCfg = Debug|Win32
		{D8441090-24B6-44FE-8810-9A4B43DAD21C}.Debug|Win32.Build.0 = Debug|Win32
		{D8441090-24B6-44FE-8810-9A4B43DAD21C}.Release|Win32.ActiveCfg = Release|Win32
		{D8441090-24B6-44FE-8810-9A4B43DAD21C}.Release|Win32.Build.0 = Release|Win32
	EndGlobalSection
	GlobalSection(SolutionProperties) = preSolution
		HideSolutionNode = FALSE
	EndGlobalSection
EndGlobal
